
Microsoft Visual Studio Solution File, Format Version 12.00
# Visual Studio Version 16
VisualStudioVersion = 16.0.28803.156
MinimumVisualStudioVersion = 10.0.40219.1
Project("{FAE04EC0-301F-11D3-BF4B-00C04F79EFBC}") = "TeamPowered", "TeamPowered.csproj", "{6C142161-D0A9-4B04-831A-C0F2C40F29D8}"
EndProject
Global
	GlobalSection(SolutionConfigurationPlatforms) = preSolution
		Debug|Any CPU = Debug|Any CPU
		Release|Any CPU = Release|Any CPU
	EndGlobalSection
	GlobalSection(ProjectConfigurationPlatforms) = postSolution
		{6C142161-D0A9-4B04-831A-C0F2C40F29D8}.Debug|Any CPU.ActiveCfg = Debug|Any CPU
		{6C142161-D0A9-4B04-831A-C0F2C40F29D8}.Debug|Any CPU.Build.0 = Debug|Any CPU
		{6C142161-D0A9-4B04-831A-C0F2C40F29D8}.Release|Any CPU.ActiveCfg = Release|Any CPU
		{6C142161-D0A9-4B04-831A-C0F2C40F29D8}.Release|Any CPU.Build.0 = Release|Any CPU
	EndGlobalSection
	GlobalSection(SolutionProperties) = preSolution
		HideSolutionNode = FALSE
	EndGlobalSection
	GlobalSection(ExtensibilityGlobals) = postSolution
		SolutionGuid = {1F6446CE-9B0D-4AB8-9A4A-FE4CC69AD4F9}
	EndGlobalSection
EndGlobal
